
Microsoft Visual Studio Solution File, Format Version 12.00
# Visual Studio Version 17
VisualStudioVersion = 17.0.31903.59
MinimumVisualStudioVersion = 10.0.40219.1
Project("{2150E333-8FDC-42A3-9474-1A3956D46DE8}") = "src", "src", "{827E0CD3-B72D-47B6-A68D-7590B98EB39B}"
EndProject
Project("{FAE04EC0-301F-11D3-BF4B-00C04F79EFBC}") = "ETAP.API", "src\ETAP.API\ETAP.API.csproj", "{C2E16FAA-DF87-499C-BFBB-3073D9AA4D72}"
EndProject
Project("{FAE04EC0-301F-11D3-BF4B-00C04F79EFBC}") = "ETAP.Application", "src\ETAP.Application\ETAP.Application.csproj", "{FA2EA608-D85E-4D1F-AB55-181B6E9AD34D}"
EndProject
Project("{FAE04EC0-301F-11D3-BF4B-00C04F79EFBC}") = "ETAP.Domain", "src\ETAP.Domain\ETAP.Domain.csproj", "{765A5DA4-BE61-424B-BBE3-1696F7ED0377}"
EndProject
Project("{FAE04EC0-301F-11D3-BF4B-00C04F79EFBC}") = "ETAP.Infrastructure", "src\ETAP.Infrastructure\ETAP.Infrastructure.csproj", "{9F87F280-ED4B-425C-A48A-D954DED6C7D0}"
EndProject
Project("{FAE04EC0-301F-11D3-BF4B-00C04F79EFBC}") = "ETAP.Shared", "src\ETAP.Shared\ETAP.Shared.csproj", "{EF291154-D2D2-44F3-9F18-A4ABA897C1A6}"
EndProject
Global
	GlobalSection(SolutionConfigurationPlatforms) = preSolution
		Debug|Any CPU = Debug|Any CPU
		Debug|x64 = Debug|x64
		Debug|x86 = Debug|x86
		Release|Any CPU = Release|Any CPU
		Release|x64 = Release|x64
		Release|x86 = Release|x86
	EndGlobalSection
	GlobalSection(ProjectConfigurationPlatforms) = postSolution
		{C2E16FAA-DF87-499C-BFBB-3073D9AA4D72}.Debug|Any CPU.ActiveCfg = Debug|Any CPU
		{C2E16FAA-DF87-499C-BFBB-3073D9AA4D72}.Debug|Any CPU.Build.0 = Debug|Any CPU
		{C2E16FAA-DF87-499C-BFBB-3073D9AA4D72}.Debug|x64.ActiveCfg = Debug|Any CPU
		{C2E16FAA-DF87-499C-BFBB-3073D9AA4D72}.Debug|x64.Build.0 = Debug|Any CPU
		{C2E16FAA-DF87-499C-BFBB-3073D9AA4D72}.Debug|x86.ActiveCfg = Debug|Any CPU
		{C2E16FAA-DF87-499C-BFBB-3073D9AA4D72}.Debug|x86.Build.0 = Debug|Any CPU
		{C2E16FAA-DF87-499C-BFBB-3073D9AA4D72}.Release|Any CPU.ActiveCfg = Release|Any CPU
		{C2E16FAA-DF87-499C-BFBB-3073D9AA4D72}.Release|Any CPU.Build.0 = Release|Any CPU
		{C2E16FAA-DF87-499C-BFBB-3073D9AA4D72}.Release|x64.ActiveCfg = Release|Any CPU
		{C2E16FAA-DF87-499C-BFBB-3073D9AA4D72}.Release|x64.Build.0 = Release|Any CPU
		{C2E16FAA-DF87-499C-BFBB-3073D9AA4D72}.Release|x86.ActiveCfg = Release|Any CPU
		{C2E16FAA-DF87-499C-BFBB-3073D9AA4D72}.Release|x86.Build.0 = Release|Any CPU
		{FA2EA608-D85E-4D1F-AB55-181B6E9AD34D}.Debug|Any CPU.ActiveCfg = Debug|Any CPU
		{FA2EA608-D85E-4D1F-AB55-181B6E9AD34D}.Debug|Any CPU.Build.0 = Debug|Any CPU
		{FA2EA608-D85E-4D1F-AB55-181B6E9AD34D}.Debug|x64.ActiveCfg = Debug|Any CPU
		{FA2EA608-D85E-4D1F-AB55-181B6E9AD34D}.Debug|x64.Build.0 = Debug|Any CPU
		{FA2EA608-D85E-4D1F-AB55-181B6E9AD34D}.Debug|x86.ActiveCfg = Debug|Any CPU
		{FA2EA608-D85E-4D1F-AB55-181B6E9AD34D}.Debug|x86.Build.0 = Debug|Any CPU
		{FA2EA608-D85E-4D1F-AB55-181B6E9AD34D}.Release|Any CPU.ActiveCfg = Release|Any CPU
		{FA2EA608-D85E-4D1F-AB55-181B6E9AD34D}.Release|Any CPU.Build.0 = Release|Any CPU
		{FA2EA608-D85E-4D1F-AB55-181B6E9AD34D}.Release|x64.ActiveCfg = Release|Any CPU
		{FA2EA608-D85E-4D1F-AB55-181B6E9AD34D}.Release|x64.Build.0 = Release|Any CPU
		{FA2EA608-D85E-4D1F-AB55-181B6E9AD34D}.Release|x86.ActiveCfg = Release|Any CPU
		{FA2EA608-D85E-4D1F-AB55-181B6E9AD34D}.Release|x86.Build.0 = Release|Any CPU
		{765A5DA4-BE61-424B-BBE3-1696F7ED0377}.Debug|Any CPU.ActiveCfg = Debug|Any CPU
		{765A5DA4-BE61-424B-BBE3-1696F7ED0377}.Debug|Any CPU.Build.0 = Debug|Any CPU
		{765A5DA4-BE61-424B-BBE3-1696F7ED0377}.Debug|x64.ActiveCfg = Debug|Any CPU
		{765A5DA4-BE61-424B-BBE3-1696F7ED0377}.Debug|x64.Build.0 = Debug|Any CPU
		{765A5DA4-BE61-424B-BBE3-1696F7ED0377}.Debug|x86.ActiveCfg = Debug|Any CPU
		{765A5DA4-BE61-424B-BBE3-1696F7ED0377}.Debug|x86.Build.0 = Debug|Any CPU
		{765A5DA4-BE61-424B-BBE3-1696F7ED0377}.Release|Any CPU.ActiveCfg = Release|Any CPU
		{765A5DA4-BE61-424B-BBE3-1696F7ED0377}.Release|Any CPU.Build.0 = Release|Any CPU
		{765A5DA4-BE61-424B-BBE3-1696F7ED0377}.Release|x64.ActiveCfg = Release|Any CPU
		{765A5DA4-BE61-424B-BBE3-1696F7ED0377}.Release|x64.Build.0 = Release|Any CPU
		{765A5DA4-BE61-424B-BBE3-1696F7ED0377}.Release|x86.ActiveCfg = Release|Any CPU
		{765A5DA4-BE61-424B-BBE3-1696F7ED0377}.Release|x86.Build.0 = Release|Any CPU
		{9F87F280-ED4B-425C-A48A-D954DED6C7D0}.Debug|Any CPU.ActiveCfg = Debug|Any CPU
		{9F87F280-ED4B-425C-A48A-D954DED6C7D0}.Debug|Any CPU.Build.0 = Debug|Any CPU
		{9F87F280-ED4B-425C-A48A-D954DED6C7D0}.Debug|x64.ActiveCfg = Debug|Any CPU
		{9F87F280-ED4B-425C-A48A-D954DED6C7D0}.Debug|x64.Build.0 = Debug|Any CPU
		{9F87F280-ED4B-425C-A48A-D954DED6C7D0}.Debug|x86.ActiveCfg = Debug|Any CPU
		{9F87F280-ED4B-425C-A48A-D954DED6C7D0}.Debug|x86.Build.0 = Debug|Any CPU
		{9F87F280-ED4B-425C-A48A-D954DED6C7D0}.Release|Any CPU.ActiveCfg = Release|Any CPU
		{9F87F280-ED4B-425C-A48A-D954DED6C7D0}.Release|Any CPU.Build.0 = Release|Any CPU
		{9F87F280-ED4B-425C-A48A-D954DED6C7D0}.Release|x64.ActiveCfg = Release|Any CPU
		{9F87F280-ED4B-425C-A48A-D954DED6C7D0}.Release|x64.Build.0 = Release|Any CPU
		{9F87F280-ED4B-425C-A48A-D954DED6C7D0}.Release|x86.ActiveCfg = Release|Any CPU
		{9F87F280-ED4B-425C-A48A-D954DED6C7D0}.Release|x86.Build.0 = Release|Any CPU
		{5E485099-5DB9-4229-9431-8E695D3BC6D0}.Debug|Any CPU.ActiveCfg = Debug|Any CPU
		{5E485099-5DB9-4229-9431-8E695D3BC6D0}.Debug|Any CPU.Build.0 = Debug|Any CPU
		{5E485099-5DB9-4229-9431-8E695D3BC6D0}.Debug|x64.ActiveCfg = Debug|Any CPU
		{5E485099-5DB9-4229-9431-8E695D3BC6D0}.Debug|x64.Build.0 = Debug|Any CPU
		{5E485099-5DB9-4229-9431-8E695D3BC6D0}.Debug|x86.ActiveCfg = Debug|Any CPU
		{5E485099-5DB9-4229-9431-8E695D3BC6D0}.Debug|x86.Build.0 = Debug|Any CPU
		{5E485099-5DB9-4229-9431-8E695D3BC6D0}.Release|Any CPU.ActiveCfg = Release|Any CPU
		{5E485099-5DB9-4229-9431-8E695D3BC6D0}.Release|Any CPU.Build.0 = Release|Any CPU
		{5E485099-5DB9-4229-9431-8E695D3BC6D0}.Release|x64.ActiveCfg = Release|Any CPU
		{5E485099-5DB9-4229-9431-8E695D3BC6D0}.Release|x64.Build.0 = Release|Any CPU
		{5E485099-5DB9-4229-9431-8E695D3BC6D0}.Release|x86.ActiveCfg = Release|Any CPU
		{5E485099-5DB9-4229-9431-8E695D3BC6D0}.Release|x86.Build.0 = Release|Any CPU
		{EF291154-D2D2-44F3-9F18-A4ABA897C1A6}.Debug|Any CPU.ActiveCfg = Debug|Any CPU
		{EF291154-D2D2-44F3-9F18-A4ABA897C1A6}.Debug|Any CPU.Build.0 = Debug|Any CPU
		{EF291154-D2D2-44F3-9F18-A4ABA897C1A6}.Debug|x64.ActiveCfg = Debug|Any CPU
		{EF291154-D2D2-44F3-9F18-A4ABA897C1A6}.Debug|x64.Build.0 = Debug|Any CPU
		{EF291154-D2D2-44F3-9F18-A4ABA897C1A6}.Debug|x86.ActiveCfg = Debug|Any CPU
		{EF291154-D2D2-44F3-9F18-A4ABA897C1A6}.Debug|x86.Build.0 = Debug|Any CPU
		{EF291154-D2D2-44F3-9F18-A4ABA897C1A6}.Release|Any CPU.ActiveCfg = Release|Any CPU
		{EF291154-D2D2-44F3-9F18-A4ABA897C1A6}.Release|Any CPU.Build.0 = Release|Any CPU
		{EF291154-D2D2-44F3-9F18-A4ABA897C1A6}.Release|x64.ActiveCfg = Release|Any CPU
		{EF291154-D2D2-44F3-9F18-A4ABA897C1A6}.Release|x64.Build.0 = Release|Any CPU
		{EF291154-D2D2-44F3-9F18-A4ABA897C1A6}.Release|x86.ActiveCfg = Release|Any CPU
		{EF291154-D2D2-44F3-9F18-A4ABA897C1A6}.Release|x86.Build.0 = Release|Any CPU
	EndGlobalSection
	GlobalSection(SolutionProperties) = preSolution
		HideSolutionNode = FALSE
	EndGlobalSection
	GlobalSection(NestedProjects) = preSolution
		{C2E16FAA-DF87-499C-BFBB-3073D9AA4D72} = {827E0CD3-B72D-47B6-A68D-7590B98EB39B}
		{FA2EA608-D85E-4D1F-AB55-181B6E9AD34D} = {827E0CD3-B72D-47B6-A68D-7590B98EB39B}
		{765A5DA4-BE61-424B-BBE3-1696F7ED0377} = {827E0CD3-B72D-47B6-A68D-7590B98EB39B}
		{9F87F280-ED4B-425C-A48A-D954DED6C7D0} = {827E0CD3-B72D-47B6-A68D-7590B98EB39B}
		{5E485099-5DB9-4229-9431-8E695D3BC6D0} = {827E0CD3-B72D-47B6-A68D-7590B98EB39B}
		{EF291154-D2D2-44F3-9F18-A4ABA897C1A6} = {827E0CD3-B72D-47B6-A68D-7590B98EB39B}
	EndGlobalSection
EndGlobal
